
Microsoft Visual Studio Solution File, Format Version 12.00
Project("{FAE04EC0-301F-11D3-BF4B-00C04F79EFBC}") = "WebApp", "WebApp\WebApp.csproj", "{B6E210E8-7D0D-4ED6-8A55-6F1D0F2C08EC}"
EndProject
Global
	GlobalSection(SolutionConfigurationPlatforms) = preSolution
		Debug|Any CPU = Debug|Any CPU
		Release|Any CPU = Release|Any CPU
	EndGlobalSection
	GlobalSection(ProjectConfigurationPlatforms) = postSolution
		{B6E210E8-7D0D-4ED6-8A55-6F1D0F2C08EC}.Debug|Any CPU.ActiveCfg = Debug|Any CPU
		{B6E210E8-7D0D-4ED6-8A55-6F1D0F2C08EC}.Debug|Any CPU.Build.0 = Debug|Any CPU
		{B6E210E8-7D0D-4ED6-8A55-6F1D0F2C08EC}.Release|Any CPU.ActiveCfg = Release|Any CPU
		{B6E210E8-7D0D-4ED6-8A55-6F1D0F2C08EC}.Release|Any CPU.Build.0 = Release|Any CPU
	EndGlobalSection
EndGlobal
